
Microsoft Visual Studio Solution File, Format Version 12.00
# Visual Studio Version 16
VisualStudioVersion = 16.0.30611.23
MinimumVisualStudioVersion = 10.0.40219.1
Project("{FAE04EC0-301F-11D3-BF4B-00C04F79EFBC}") = "PostfixWFFAnalyzer", "PostfixWFFAnalyzer.csproj", "{F85C8545-9551-4E71-9213-BCF18633C5B8}"
EndProject
Global
	GlobalSection(SolutionConfigurationPlatforms) = preSolution
		Debug|Any CPU = Debug|Any CPU
		Release|Any CPU = Release|Any CPU
	EndGlobalSection
	GlobalSection(ProjectConfigurationPlatforms) = postSolution
		{F85C8545-9551-4E71-9213-BCF18633C5B8}.Debug|Any CPU.ActiveCfg = Debug|Any CPU
		{F85C8545-9551-4E71-9213-BCF18633C5B8}.Debug|Any CPU.Build.0 = Debug|Any CPU
		{F85C8545-9551-4E71-9213-BCF18633C5B8}.Release|Any CPU.ActiveCfg = Release|Any CPU
		{F85C8545-9551-4E71-9213-BCF18633C5B8}.Release|Any CPU.Build.0 = Release|Any CPU
	EndGlobalSection
	GlobalSection(SolutionProperties) = preSolution
		HideSolutionNode = FALSE
	EndGlobalSection
	GlobalSection(ExtensibilityGlobals) = postSolution
		SolutionGuid = {0A248488-2E20-454C-9A14-C0609DD1E775}
	EndGlobalSection
EndGlobal
